{
  "nodes": {
    "burpsuitepro": {
      "inputs": {
        "nixpkgs": [
          "nixpkgs"
        ]
      },
      "locked": {
        "lastModified": 1772862857,
        "narHash": "sha256-qT/j4fC2GiTfCwYhpmY0ltuPl2NjYK2eDdC7d/wPeH0=",
        "owner": "xiv3r",
        "repo": "Burpsuite-Professional",
        "rev": "417c54a857fd824d83ebc168d423d29fbcfb3d29",
        "type": "github"
      },
      "original": {
        "owner": "xiv3r",
        "repo": "Burpsuite-Professional",
        "type": "github"
      }
    },
    "nixpkgs": {
      "locked": {
        "lastModified": 1777954456,
        "narHash": "sha256-hGdgeU2Nk87RAuZyYjyDjFL6LK7dAZN5RE9+hrDTkDU=",
        "owner": "NixOS",
        "repo": "nixpkgs",
        "rev": "549bd84d6279f9852cae6225e372cc67fb91a4c1",
        "type": "github"
      },
      "original": {
        "owner": "NixOS",
        "ref": "nixos-unstable",
        "repo": "nixpkgs",
        "type": "github"
      }
    },
    "nixpkgs-master": {
      "locked": {
        "lastModified": 1778265926,
        "narHash": "sha256-B8jGl5R1JRKZplQ8IuoA8+GiPxKCP7l++AXJ0Vu/OLk=",
        "owner": "NixOS",
        "repo": "nixpkgs",
        "rev": "517d7c79041b3aacc85a20a05fb6df48dcb4ed3f",
        "type": "github"
      },
      "original": {
        "owner": "NixOS",
        "ref": "master",
        "repo": "nixpkgs",
        "type": "github"
      }
    },
    "root": {
      "inputs": {
        "burpsuitepro": "burpsuitepro",
        "nixpkgs": "nixpkgs",
        "nixpkgs-master": "nixpkgs-master"
      }
    }
  },
  "root": "root",
  "version": 7
}
